
Microsoft Visual Studio Solution File, Format Version 12.00
# Visual Studio 15
VisualStudioVersion = 15.0.28307.572
MinimumVisualStudioVersion = 10.0.40219.1
Project("{FAE04EC0-301F-11D3-BF4B-00C04F79EFBC}") = "YelpHelp", "YelpHelp\YelpHelp.csproj", "{2A333BD9-0C7C-4EA2-B61D-571F43DFF6AE}"
EndProject
Global
	GlobalSection(SolutionConfigurationPlatforms) = preSolution
		Debug|Any CPU = Debug|Any CPU
		Release|Any CPU = Release|Any CPU
	EndGlobalSection
	GlobalSection(ProjectConfigurationPlatforms) = postSolution
		{2A333BD9-0C7C-4EA2-B61D-571F43DFF6AE}.Debug|Any CPU.ActiveCfg = Debug|Any CPU
		{2A333BD9-0C7C-4EA2-B61D-571F43DFF6AE}.Debug|Any CPU.Build.0 = Debug|Any CPU
		{2A333BD9-0C7C-4EA2-B61D-571F43DFF6AE}.Release|Any CPU.ActiveCfg = Release|Any CPU
		{2A333BD9-0C7C-4EA2-B61D-571F43DFF6AE}.Release|Any CPU.Build.0 = Release|Any CPU
	EndGlobalSection
	GlobalSection(SolutionProperties) = preSolution
		HideSolutionNode = FALSE
	EndGlobalSection
	GlobalSection(ExtensibilityGlobals) = postSolution
		SolutionGuid = {C02E2F80-F01F-45BE-B515-D58BA4A412A8}
	EndGlobalSection
EndGlobal
